
Microsoft Visual Studio Solution File, Format Version 12.00
# Visual Studio Version 17
VisualStudioVersion = 17.7.34024.191
MinimumVisualStudioVersion = 10.0.40219.1
Project("{FAE04EC0-301F-11D3-BF4B-00C04F79EFBC}") = "HangmanGame", "HangmanGame.csproj", "{6B2BCF87-3B42-4E88-A26E-6B440D59C702}"
EndProject
Global
	GlobalSection(SolutionConfigurationPlatforms) = preSolution
		Debug|Any CPU = Debug|Any CPU
		Release|Any CPU = Release|Any CPU
	EndGlobalSection
	GlobalSection(ProjectConfigurationPlatforms) = postSolution
		{6B2BCF87-3B42-4E88-A26E-6B440D59C702}.Debug|Any CPU.ActiveCfg = Debug|Any CPU
		{6B2BCF87-3B42-4E88-A26E-6B440D59C702}.Debug|Any CPU.Build.0 = Debug|Any CPU
		{6B2BCF87-3B42-4E88-A26E-6B440D59C702}.Release|Any CPU.ActiveCfg = Release|Any CPU
		{6B2BCF87-3B42-4E88-A26E-6B440D59C702}.Release|Any CPU.Build.0 = Release|Any CPU
	EndGlobalSection
	GlobalSection(SolutionProperties) = preSolution
		HideSolutionNode = FALSE
	EndGlobalSection
	GlobalSection(ExtensibilityGlobals) = postSolution
		SolutionGuid = {03FEA2AE-12A3-41D7-92C0-C6F0A77243B0}
	EndGlobalSection
EndGlobal
